{
  "name": "@primo-app/field-types",
  "version": "1.0.1",
  "lockfileVersion": 1,
  "requires": true,
  "dependencies": {
    "@primo-app/ui": {
      "version": "1.0.0",
      "resolved": "https://registry.npmjs.org/@primo-app/ui/-/ui-1.0.0.tgz",
      "integrity": "sha512-Qv5LiywdN46nwllIDxO1NLG/rwJw7mbnxHrgkUTqt3fPAzxwhiaeR4yz6IYAaMhT+YAPcTRqVjPjmGtX6Pmzig=="
    },
    "svelte": {
      "version": "3.25.1",
      "resolved": "https://registry.npmjs.org/svelte/-/svelte-3.25.1.tgz",
      "integrity": "sha512-IbrVKTmuR0BvDw4ii8/gBNy8REu7nWTRy9uhUz+Yuae5lIjWgSGwKlWtJGC2Vg95s+UnXPqDu0Kk/sUwe0t2GQ=="
    }
  }
}
