{
  "name": "@primo-app/field-types",
  "version": "1.0.4",
  "lockfileVersion": 1,
  "requires": true,
  "dependencies": {
    "@primo-app/ui": {
      "version": "1.0.1",
      "resolved": "https://registry.npmjs.org/@primo-app/ui/-/ui-1.0.1.tgz",
      "integrity": "sha512-d+9hJFAV8PGTYvyrcVC9PQPWjTBYDoQsQ/7X5TWDQlcTA4a9L9GE1OuB2Lk4bgcweBmlQTF4yjzY/Lc1unsS8w=="
    },
    "svelte": {
      "version": "3.25.1",
      "resolved": "https://registry.npmjs.org/svelte/-/svelte-3.25.1.tgz",
      "integrity": "sha512-IbrVKTmuR0BvDw4ii8/gBNy8REu7nWTRy9uhUz+Yuae5lIjWgSGwKlWtJGC2Vg95s+UnXPqDu0Kk/sUwe0t2GQ=="
    }
  }
}
